
Microsoft Visual Studio Solution File, Format Version 12.00
# Visual Studio Version 16
VisualStudioVersion = 16.0.29519.181
MinimumVisualStudioVersion = 10.0.40219.1
Project("{FAE04EC0-301F-11D3-BF4B-00C04F79EFBC}") = "DAO", "DAO\DAO.csproj", "{03833EAE-6379-4694-A7BB-759EC2B77728}"
EndProject
Global
	GlobalSection(SolutionConfigurationPlatforms) = preSolution
		Debug|Any CPU = Debug|Any CPU
		Release|Any CPU = Release|Any CPU
	EndGlobalSection
	GlobalSection(ProjectConfigurationPlatforms) = postSolution
		{03833EAE-6379-4694-A7BB-759EC2B77728}.Debug|Any CPU.ActiveCfg = Debug|Any CPU
		{03833EAE-6379-4694-A7BB-759EC2B77728}.Debug|Any CPU.Build.0 = Debug|Any CPU
		{03833EAE-6379-4694-A7BB-759EC2B77728}.Release|Any CPU.ActiveCfg = Release|Any CPU
		{03833EAE-6379-4694-A7BB-759EC2B77728}.Release|Any CPU.Build.0 = Release|Any CPU
	EndGlobalSection
	GlobalSection(SolutionProperties) = preSolution
		HideSolutionNode = FALSE
	EndGlobalSection
	GlobalSection(ExtensibilityGlobals) = postSolution
		SolutionGuid = {8C8D235F-E445-4C3C-BD94-B3BBA76629AE}
	EndGlobalSection
EndGlobal
